{
  "name": "s2Cell",
  "version": "1.0.0",
  "lockfileVersion": 1,
  "requires": true,
  "dependencies": {
    "h3-js": {
      "version": "3.6.3",
      "resolved": "https://registry.npmjs.org/h3-js/-/h3-js-3.6.3.tgz",
      "integrity": "sha512-sSfUD4WrqKDoGsGjeY/ih2kbl/HqunGzdAr4NL8Q1qHSAyGMvev3jABbsMvK9wJGmnGuGhIzgxX9kCbUsYcnwg=="
    },
    "long": {
      "version": "3.2.0",
      "resolved": "https://registry.npmjs.org/long/-/long-3.2.0.tgz",
      "integrity": "sha1-2CG3E4yhy1gcFymQ7xTbIAtcR0s="
    },
    "s2-geometry": {
      "version": "1.2.10",
      "resolved": "https://registry.npmjs.org/s2-geometry/-/s2-geometry-1.2.10.tgz",
      "integrity": "sha1-xv8i8+zK/Q7qSRtgtEwUG5iHrKs=",
      "requires": {
        "long": "^3.2.0"
      }
    }
  }
}
